
Microsoft Visual Studio Solution File, Format Version 12.00
# Visual Studio Version 16
VisualStudioVersion = 16.0.29409.12
MinimumVisualStudioVersion = 10.0.40219.1
Project("{FAE04EC0-301F-11D3-BF4B-00C04F79EFBC}") = "8_9_ExtractingHelperMethods", "8_9_ExtractingHelperMethods\8_9_ExtractingHelperMethods.csproj", "{DE927E7A-56EA-4B0D-A307-EF6B5DBA75EE}"
EndProject
Project("{FAE04EC0-301F-11D3-BF4B-00C04F79EFBC}") = "TestNinja.UnitTests", "TestNinja.UnitTests\TestNinja.UnitTests.csproj", "{1A5AE815-024E-442A-A7AD-3D29840D6F63}"
EndProject
Global
	GlobalSection(SolutionConfigurationPlatforms) = preSolution
		Debug|Any CPU = Debug|Any CPU
		Release|Any CPU = Release|Any CPU
	EndGlobalSection
	GlobalSection(ProjectConfigurationPlatforms) = postSolution
		{DE927E7A-56EA-4B0D-A307-EF6B5DBA75EE}.Debug|Any CPU.ActiveCfg = Debug|Any CPU
		{DE927E7A-56EA-4B0D-A307-EF6B5DBA75EE}.Debug|Any CPU.Build.0 = Debug|Any CPU
		{DE927E7A-56EA-4B0D-A307-EF6B5DBA75EE}.Release|Any CPU.ActiveCfg = Release|Any CPU
		{DE927E7A-56EA-4B0D-A307-EF6B5DBA75EE}.Release|Any CPU.Build.0 = Release|Any CPU
		{1A5AE815-024E-442A-A7AD-3D29840D6F63}.Debug|Any CPU.ActiveCfg = Debug|Any CPU
		{1A5AE815-024E-442A-A7AD-3D29840D6F63}.Debug|Any CPU.Build.0 = Debug|Any CPU
		{1A5AE815-024E-442A-A7AD-3D29840D6F63}.Release|Any CPU.ActiveCfg = Release|Any CPU
		{1A5AE815-024E-442A-A7AD-3D29840D6F63}.Release|Any CPU.Build.0 = Release|Any CPU
	EndGlobalSection
	GlobalSection(SolutionProperties) = preSolution
		HideSolutionNode = FALSE
	EndGlobalSection
	GlobalSection(ExtensibilityGlobals) = postSolution
		SolutionGuid = {80B70AF4-A601-4D93-9CB7-D6997109CE5F}
	EndGlobalSection
EndGlobal
